// !$*UTF8*$!
{
	archiveVersion = 1;
	classes = {
	};
	objectVersion = 56;
	objects = {

/* Begin PBXBuildFile section */
		580719E52B02C4F900B77045 /* CreatePlaylistPopupVC.swift in Sources */ = {isa = PBXBuildFile; fileRef = 580719E42B02C4F900B77045 /* CreatePlaylistPopupVC.swift */; };
		580719E72B02D24F00B77045 /* AddToPlaylistPopupVC.swift in Sources */ = {isa = PBXBuildFile; fileRef = 580719E62B02D24F00B77045 /* AddToPlaylistPopupVC.swift */; };
		580719E92B02D34B00B77045 /* AddToPlaylistPopupVM.swift in Sources */ = {isa = PBXBuildFile; fileRef = 580719E82B02D34B00B77045 /* AddToPlaylistPopupVM.swift */; };
		58107B2A2B04C804008CE0D6 /* Int+Ext.swift in Sources */ = {isa = PBXBuildFile; fileRef = 58107B292B04C804008CE0D6 /* Int+Ext.swift */; };
		58107B2E2B04E3DC008CE0D6 /* ApplicationVariables.swift in Sources */ = {isa = PBXBuildFile; fileRef = 58107B2D2B04E3DC008CE0D6 /* ApplicationVariables.swift */; };
		58107B302B04E935008CE0D6 /* FirebaseAuthManager.swift in Sources */ = {isa = PBXBuildFile; fileRef = 58107B2F2B04E935008CE0D6 /* FirebaseAuthManager.swift */; };
		581CF2242B02395800E08ADA /* DiscoverVC.swift in Sources */ = {isa = PBXBuildFile; fileRef = 581CF2232B02395800E08ADA /* DiscoverVC.swift */; };
		581CF2262B02396A00E08ADA /* DiscoverView.swift in Sources */ = {isa = PBXBuildFile; fileRef = 581CF2252B02396A00E08ADA /* DiscoverView.swift */; };
		581CF2282B023DC600E08ADA /* GenresVC.swift in Sources */ = {isa = PBXBuildFile; fileRef = 581CF2272B023DC600E08ADA /* GenresVC.swift */; };
		581CF22A2B023E8F00E08ADA /* GenresView.swift in Sources */ = {isa = PBXBuildFile; fileRef = 581CF2292B023E8F00E08ADA /* GenresView.swift */; };
		581CF22C2B02406C00E08ADA /* GenreArtistsView.swift in Sources */ = {isa = PBXBuildFile; fileRef = 581CF22B2B02406C00E08ADA /* GenreArtistsView.swift */; };
		581CF22E2B0244FA00E08ADA /* PlaylistView.swift in Sources */ = {isa = PBXBuildFile; fileRef = 581CF22D2B0244FA00E08ADA /* PlaylistView.swift */; };
		582B6C5C2AFD328F00B74E8B /* MainTabBarVC.swift in Sources */ = {isa = PBXBuildFile; fileRef = 582B6C5B2AFD328F00B74E8B /* MainTabBarVC.swift */; };
		58563FE42AFE76F000ADECE1 /* Alamofire in Frameworks */ = {isa = PBXBuildFile; productRef = 58563FE32AFE76F000ADECE1 /* Alamofire */; };
		58563FE82AFE772900ADECE1 /* AlamofireService.swift in Sources */ = {isa = PBXBuildFile; fileRef = 58563FE72AFE772900ADECE1 /* AlamofireService.swift */; };
		58563FEA2AFE7EAA00ADECE1 /* DeezerAPIManager.swift in Sources */ = {isa = PBXBuildFile; fileRef = 58563FE92AFE7EAA00ADECE1 /* DeezerAPIManager.swift */; };
		58563FED2AFE7F7800ADECE1 /* SearchTrackResponse.swift in Sources */ = {isa = PBXBuildFile; fileRef = 58563FEC2AFE7F7700ADECE1 /* SearchTrackResponse.swift */; };
		58563FEF2AFE7FAF00ADECE1 /* SearchViewModel.swift in Sources */ = {isa = PBXBuildFile; fileRef = 58563FEE2AFE7FAF00ADECE1 /* SearchViewModel.swift */; };
		58563FF52AFE9DDE00ADECE1 /* Kingfisher in Frameworks */ = {isa = PBXBuildFile; productRef = 58563FF42AFE9DDE00ADECE1 /* Kingfisher */; };
		58563FFB2AFFC13000ADECE1 /* WorkItem.swift in Sources */ = {isa = PBXBuildFile; fileRef = 58563FFA2AFFC13000ADECE1 /* WorkItem.swift */; };
		58563FFD2AFFCBAC00ADECE1 /* RadioResponse.swift in Sources */ = {isa = PBXBuildFile; fileRef = 58563FFC2AFFCBAC00ADECE1 /* RadioResponse.swift */; };
		58563FFF2AFFCD2100ADECE1 /* HomeViewModel.swift in Sources */ = {isa = PBXBuildFile; fileRef = 58563FFE2AFFCD2100ADECE1 /* HomeViewModel.swift */; };
		586E1FF82AFABCF800B1D914 /* MusicCollectionViewCell.swift in Sources */ = {isa = PBXBuildFile; fileRef = 586E1FF72AFABCF800B1D914 /* MusicCollectionViewCell.swift */; };
		586E20032AFAD65800B1D914 /* PopularSongsTableViewCell.swift in Sources */ = {isa = PBXBuildFile; fileRef = 586E20022AFAD65800B1D914 /* PopularSongsTableViewCell.swift */; };
		587FC4ED2AFA54AC00D6B976 /* AppDelegate.swift in Sources */ = {isa = PBXBuildFile; fileRef = 587FC4EC2AFA54AC00D6B976 /* AppDelegate.swift */; };
		587FC4EF2AFA54AC00D6B976 /* SceneDelegate.swift in Sources */ = {isa = PBXBuildFile; fileRef = 587FC4EE2AFA54AC00D6B976 /* SceneDelegate.swift */; };
		587FC4F62AFA54AD00D6B976 /* Assets.xcassets in Resources */ = {isa = PBXBuildFile; fileRef = 587FC4F52AFA54AD00D6B976 /* Assets.xcassets */; };
		587FC4F92AFA54AD00D6B976 /* LaunchScreen.storyboard in Resources */ = {isa = PBXBuildFile; fileRef = 587FC4F72AFA54AD00D6B976 /* LaunchScreen.storyboard */; };
		587FC5022AFA558900D6B976 /* HomeVC.swift in Sources */ = {isa = PBXBuildFile; fileRef = 587FC5012AFA558900D6B976 /* HomeVC.swift */; };
		587FC5042AFA55B300D6B976 /* HomeView.swift in Sources */ = {isa = PBXBuildFile; fileRef = 587FC5032AFA55B300D6B976 /* HomeView.swift */; };
		587FC5092AFA592500D6B976 /* UIView+Ext.swift in Sources */ = {isa = PBXBuildFile; fileRef = 587FC5082AFA592500D6B976 /* UIView+Ext.swift */; };
		58A8462D2B016403002F6544 /* RadioPlaylistResponse.swift in Sources */ = {isa = PBXBuildFile; fileRef = 58A8462C2B016403002F6544 /* RadioPlaylistResponse.swift */; };
		58A8462F2B016653002F6544 /* PlaylistVC.swift in Sources */ = {isa = PBXBuildFile; fileRef = 58A8462E2B016653002F6544 /* PlaylistVC.swift */; };
		58A846312B016664002F6544 /* PlaylistViewModel.swift in Sources */ = {isa = PBXBuildFile; fileRef = 58A846302B016664002F6544 /* PlaylistViewModel.swift */; };
		58BBD8652AFCEFB500DB65BD /* SearchVC.swift in Sources */ = {isa = PBXBuildFile; fileRef = 58BBD8642AFCEFB500DB65BD /* SearchVC.swift */; };
		58BBD8672AFCEFC200DB65BD /* RecentSearchesView.swift in Sources */ = {isa = PBXBuildFile; fileRef = 58BBD8662AFCEFC200DB65BD /* RecentSearchesView.swift */; };
		58BBD8692AFCF66C00DB65BD /* SearchResultsView.swift in Sources */ = {isa = PBXBuildFile; fileRef = 58BBD8682AFCF66C00DB65BD /* SearchResultsView.swift */; };
		58BBD86E2AFD085B00DB65BD /* SearchResultsVC.swift in Sources */ = {isa = PBXBuildFile; fileRef = 58BBD86D2AFD085B00DB65BD /* SearchResultsVC.swift */; };
		58DA64A52B03D5FA0097A954 /* FirestoreManager.swift in Sources */ = {isa = PBXBuildFile; fileRef = 58DA64A42B03D5FA0097A954 /* FirestoreManager.swift */; };
		58EE9CCD2B029F7200CAAF8E /* ProfileVM.swift in Sources */ = {isa = PBXBuildFile; fileRef = 58EE9CCC2B029F7200CAAF8E /* ProfileVM.swift */; };
		58EE9CCF2B02B94300CAAF8E /* UserPlaylist.swift in Sources */ = {isa = PBXBuildFile; fileRef = 58EE9CCE2B02B94300CAAF8E /* UserPlaylist.swift */; };
		836F4D722AFF5BD4008BE3FA /* SearchTableViewCell.swift in Sources */ = {isa = PBXBuildFile; fileRef = 836F4D712AFF5BD4008BE3FA /* SearchTableViewCell.swift */; };
		836F4D742AFF6685008BE3FA /* PlayerViewModel.swift in Sources */ = {isa = PBXBuildFile; fileRef = 836F4D732AFF6685008BE3FA /* PlayerViewModel.swift */; };
		83ABE1AE2AFCE9E100AA4146 /* ProfileVC.swift in Sources */ = {isa = PBXBuildFile; fileRef = 83ABE1AD2AFCE9E100AA4146 /* ProfileVC.swift */; };
		83ABE1B02AFCE9F700AA4146 /* ProfileView.swift in Sources */ = {isa = PBXBuildFile; fileRef = 83ABE1AF2AFCE9F700AA4146 /* ProfileView.swift */; };
		83ABE1B22AFD074700AA4146 /* ProfilePlayListTableViewCell.swift in Sources */ = {isa = PBXBuildFile; fileRef = 83ABE1B12AFD074700AA4146 /* ProfilePlayListTableViewCell.swift */; };
		83ABE1B52AFD076900AA4146 /* ProfileFavoriteTableViewCell.swift in Sources */ = {isa = PBXBuildFile; fileRef = 83ABE1B42AFD076900AA4146 /* ProfileFavoriteTableViewCell.swift */; };
		83ABE1B92AFD25DA00AA4146 /* PlayerVC.swift in Sources */ = {isa = PBXBuildFile; fileRef = 83ABE1B82AFD25DA00AA4146 /* PlayerVC.swift */; };
		83ABE1BB2AFD25EC00AA4146 /* PlayerView.swift in Sources */ = {isa = PBXBuildFile; fileRef = 83ABE1BA2AFD25EC00AA4146 /* PlayerView.swift */; };
		83C234CC2B0227FA00F3FF5F /* GenresMusicResponse.swift in Sources */ = {isa = PBXBuildFile; fileRef = 83C234CB2B0227FA00F3FF5F /* GenresMusicResponse.swift */; };
		83C234CE2B022EC300F3FF5F /* GenresArtistLists.swift in Sources */ = {isa = PBXBuildFile; fileRef = 83C234CD2B022EC300F3FF5F /* GenresArtistLists.swift */; };
		83C234D02B02309500F3FF5F /* GenreArtistsVC.swift in Sources */ = {isa = PBXBuildFile; fileRef = 83C234CF2B02309500F3FF5F /* GenreArtistsVC.swift */; };
		83C234D22B02311800F3FF5F /* GenreArtistsVM.swift in Sources */ = {isa = PBXBuildFile; fileRef = 83C234D12B02311800F3FF5F /* GenreArtistsVM.swift */; };
		83C234D42B026E7100F3FF5F /* FirebaseService.swift in Sources */ = {isa = PBXBuildFile; fileRef = 83C234D32B026E7100F3FF5F /* FirebaseService.swift */; };
		83C234DC2B02706500F3FF5F /* CustomTextField.swift in Sources */ = {isa = PBXBuildFile; fileRef = 83C234DB2B02706500F3FF5F /* CustomTextField.swift */; };
		83C234DE2B02706E00F3FF5F /* MusicButton.swift in Sources */ = {isa = PBXBuildFile; fileRef = 83C234DD2B02706E00F3FF5F /* MusicButton.swift */; };
		83C234E22B02707600F3FF5F /* SecondaryTitleLabel.swift in Sources */ = {isa = PBXBuildFile; fileRef = 83C234DF2B02707600F3FF5F /* SecondaryTitleLabel.swift */; };
		83C234E32B02707600F3FF5F /* BodyLabel.swift in Sources */ = {isa = PBXBuildFile; fileRef = 83C234E02B02707600F3FF5F /* BodyLabel.swift */; };
		83C234E42B02707600F3FF5F /* TitleLabel.swift in Sources */ = {isa = PBXBuildFile; fileRef = 83C234E12B02707600F3FF5F /* TitleLabel.swift */; };
		83C234E82B02708700F3FF5F /* AlertContainerView.swift in Sources */ = {isa = PBXBuildFile; fileRef = 83C234E72B02708700F3FF5F /* AlertContainerView.swift */; };
		83C234EC2B0270C800F3FF5F /* UIViewController+Ext.swift in Sources */ = {isa = PBXBuildFile; fileRef = 83C234EB2B0270C800F3FF5F /* UIViewController+Ext.swift */; };
		83C234EE2B0270CC00F3FF5F /* Validation + Ext.swift in Sources */ = {isa = PBXBuildFile; fileRef = 83C234ED2B0270CC00F3FF5F /* Validation + Ext.swift */; };
		83C234EF2B02711A00F3FF5F /* AlertVC.swift in Sources */ = {isa = PBXBuildFile; fileRef = 83C234E62B02708300F3FF5F /* AlertVC.swift */; };
		83C234F62B0271C500F3FF5F /* LoginVC.swift in Sources */ = {isa = PBXBuildFile; fileRef = 83C234F32B0271C500F3FF5F /* LoginVC.swift */; };
		83C234F72B0271C500F3FF5F /* RegisterVC.swift in Sources */ = {isa = PBXBuildFile; fileRef = 83C234F42B0271C500F3FF5F /* RegisterVC.swift */; };
		83C234F82B0271C500F3FF5F /* ForgotPasswordVC.swift in Sources */ = {isa = PBXBuildFile; fileRef = 83C234F52B0271C500F3FF5F /* ForgotPasswordVC.swift */; };
		83C234FA2B0272D200F3FF5F /* AuthVM.swift in Sources */ = {isa = PBXBuildFile; fileRef = 83C234F92B0272D200F3FF5F /* AuthVM.swift */; };
		83C234FC2B0273CD00F3FF5F /* GoogleService-Info.plist in Resources */ = {isa = PBXBuildFile; fileRef = 83C234FB2B0273CD00F3FF5F /* GoogleService-Info.plist */; };
		83C2350A2B0274DA00F3FF5F /* OnboardingVC.swift in Sources */ = {isa = PBXBuildFile; fileRef = 83C235092B0274DA00F3FF5F /* OnboardingVC.swift */; };
		83C2350C2B0274F000F3FF5F /* SliderCell.swift in Sources */ = {isa = PBXBuildFile; fileRef = 83C2350B2B0274F000F3FF5F /* SliderCell.swift */; };
		83C2350E2B0274FA00F3FF5F /* OnboardingModel.swift in Sources */ = {isa = PBXBuildFile; fileRef = 83C2350D2B0274FA00F3FF5F /* OnboardingModel.swift */; };
		83C235152B02755E00F3FF5F /* OnboardingVM.swift in Sources */ = {isa = PBXBuildFile; fileRef = 83C235142B02755E00F3FF5F /* OnboardingVM.swift */; };
		83C235182B02769700F3FF5F /* FirebaseAuth in Frameworks */ = {isa = PBXBuildFile; productRef = 83C235172B02769700F3FF5F /* FirebaseAuth */; };
		83C2351A2B02769700F3FF5F /* FirebaseFirestore in Frameworks */ = {isa = PBXBuildFile; productRef = 83C235192B02769700F3FF5F /* FirebaseFirestore */; };
		83C2351D2B02783900F3FF5F /* Lottie in Frameworks */ = {isa = PBXBuildFile; productRef = 83C2351C2B02783900F3FF5F /* Lottie */; };
		83C235202B02789400F3FF5F /* a1.json in Resources */ = {isa = PBXBuildFile; fileRef = 83C2351E2B02789400F3FF5F /* a1.json */; };
		83C235212B02789400F3FF5F /* a2.json in Resources */ = {isa = PBXBuildFile; fileRef = 83C2351F2B02789400F3FF5F /* a2.json */; };
		83C235232B0278FC00F3FF5F /* UIColor+Ext.swift in Sources */ = {isa = PBXBuildFile; fileRef = 83C235222B0278FC00F3FF5F /* UIColor+Ext.swift */; };
		83EB85942B04F43E0070359B /* FirebaseStorage in Frameworks */ = {isa = PBXBuildFile; productRef = 83EB85932B04F43E0070359B /* FirebaseStorage */; };
/* End PBXBuildFile section */

/* Begin PBXFileReference section */
		580719E42B02C4F900B77045 /* CreatePlaylistPopupVC.swift */ = {isa = PBXFileReference; lastKnownFileType = sourcecode.swift; path = CreatePlaylistPopupVC.swift; sourceTree = "<group>"; };
		580719E62B02D24F00B77045 /* AddToPlaylistPopupVC.swift */ = {isa = PBXFileReference; lastKnownFileType = sourcecode.swift; path = AddToPlaylistPopupVC.swift; sourceTree = "<group>"; };
		580719E82B02D34B00B77045 /* AddToPlaylistPopupVM.swift */ = {isa = PBXFileReference; lastKnownFileType = sourcecode.swift; path = AddToPlaylistPopupVM.swift; sourceTree = "<group>"; };
		58107B292B04C804008CE0D6 /* Int+Ext.swift */ = {isa = PBXFileReference; lastKnownFileType = sourcecode.swift; path = "Int+Ext.swift"; sourceTree = "<group>"; };
		58107B2D2B04E3DC008CE0D6 /* ApplicationVariables.swift */ = {isa = PBXFileReference; lastKnownFileType = sourcecode.swift; path = ApplicationVariables.swift; sourceTree = "<group>"; };
		58107B2F2B04E935008CE0D6 /* FirebaseAuthManager.swift */ = {isa = PBXFileReference; lastKnownFileType = sourcecode.swift; path = FirebaseAuthManager.swift; sourceTree = "<group>"; };
		581CF2232B02395800E08ADA /* DiscoverVC.swift */ = {isa = PBXFileReference; lastKnownFileType = sourcecode.swift; path = DiscoverVC.swift; sourceTree = "<group>"; };
		581CF2252B02396A00E08ADA /* DiscoverView.swift */ = {isa = PBXFileReference; lastKnownFileType = sourcecode.swift; path = DiscoverView.swift; sourceTree = "<group>"; };
		581CF2272B023DC600E08ADA /* GenresVC.swift */ = {isa = PBXFileReference; lastKnownFileType = sourcecode.swift; path = GenresVC.swift; sourceTree = "<group>"; };
		581CF2292B023E8F00E08ADA /* GenresView.swift */ = {isa = PBXFileReference; lastKnownFileType = sourcecode.swift; path = GenresView.swift; sourceTree = "<group>"; };
		581CF22B2B02406C00E08ADA /* GenreArtistsView.swift */ = {isa = PBXFileReference; lastKnownFileType = sourcecode.swift; path = GenreArtistsView.swift; sourceTree = "<group>"; };
		581CF22D2B0244FA00E08ADA /* PlaylistView.swift */ = {isa = PBXFileReference; lastKnownFileType = sourcecode.swift; path = PlaylistView.swift; sourceTree = "<group>"; };
		582B6C5B2AFD328F00B74E8B /* MainTabBarVC.swift */ = {isa = PBXFileReference; lastKnownFileType = sourcecode.swift; path = MainTabBarVC.swift; sourceTree = "<group>"; };
		58563FE72AFE772900ADECE1 /* AlamofireService.swift */ = {isa = PBXFileReference; lastKnownFileType = sourcecode.swift; path = AlamofireService.swift; sourceTree = "<group>"; };
		58563FE92AFE7EAA00ADECE1 /* DeezerAPIManager.swift */ = {isa = PBXFileReference; lastKnownFileType = sourcecode.swift; path = DeezerAPIManager.swift; sourceTree = "<group>"; };
		58563FEC2AFE7F7700ADECE1 /* SearchTrackResponse.swift */ = {isa = PBXFileReference; lastKnownFileType = sourcecode.swift; path = SearchTrackResponse.swift; sourceTree = "<group>"; };
		58563FEE2AFE7FAF00ADECE1 /* SearchViewModel.swift */ = {isa = PBXFileReference; lastKnownFileType = sourcecode.swift; path = SearchViewModel.swift; sourceTree = "<group>"; };
		58563FFA2AFFC13000ADECE1 /* WorkItem.swift */ = {isa = PBXFileReference; lastKnownFileType = sourcecode.swift; path = WorkItem.swift; sourceTree = "<group>"; };
		58563FFC2AFFCBAC00ADECE1 /* RadioResponse.swift */ = {isa = PBXFileReference; lastKnownFileType = sourcecode.swift; path = RadioResponse.swift; sourceTree = "<group>"; };
		58563FFE2AFFCD2100ADECE1 /* HomeViewModel.swift */ = {isa = PBXFileReference; lastKnownFileType = sourcecode.swift; path = HomeViewModel.swift; sourceTree = "<group>"; };
		586E1FF72AFABCF800B1D914 /* MusicCollectionViewCell.swift */ = {isa = PBXFileReference; lastKnownFileType = sourcecode.swift; name = MusicCollectionViewCell.swift; path = Music/Home/Cells/MusicCollectionViewCell.swift; sourceTree = SOURCE_ROOT; };
		586E20022AFAD65800B1D914 /* PopularSongsTableViewCell.swift */ = {isa = PBXFileReference; lastKnownFileType = sourcecode.swift; path = PopularSongsTableViewCell.swift; sourceTree = "<group>"; };
		587FC4E92AFA54AC00D6B976 /* Music.app */ = {isa = PBXFileReference; explicitFileType = wrapper.application; includeInIndex = 0; path = Music.app; sourceTree = BUILT_PRODUCTS_DIR; };
		587FC4EC2AFA54AC00D6B976 /* AppDelegate.swift */ = {isa = PBXFileReference; lastKnownFileType = sourcecode.swift; path = AppDelegate.swift; sourceTree = "<group>"; };
		587FC4EE2AFA54AC00D6B976 /* SceneDelegate.swift */ = {isa = PBXFileReference; lastKnownFileType = sourcecode.swift; path = SceneDelegate.swift; sourceTree = "<group>"; };
		587FC4F52AFA54AD00D6B976 /* Assets.xcassets */ = {isa = PBXFileReference; lastKnownFileType = folder.assetcatalog; path = Assets.xcassets; sourceTree = "<group>"; };
		587FC4F82AFA54AD00D6B976 /* Base */ = {isa = PBXFileReference; lastKnownFileType = file.storyboard; name = Base; path = Base.lproj/LaunchScreen.storyboard; sourceTree = "<group>"; };
		587FC4FA2AFA54AD00D6B976 /* Info.plist */ = {isa = PBXFileReference; lastKnownFileType = text.plist.xml; path = Info.plist; sourceTree = "<group>"; };
		587FC5012AFA558900D6B976 /* HomeVC.swift */ = {isa = PBXFileReference; lastKnownFileType = sourcecode.swift; path = HomeVC.swift; sourceTree = "<group>"; };
		587FC5032AFA55B300D6B976 /* HomeView.swift */ = {isa = PBXFileReference; lastKnownFileType = sourcecode.swift; path = HomeView.swift; sourceTree = "<group>"; };
		587FC5082AFA592500D6B976 /* UIView+Ext.swift */ = {isa = PBXFileReference; lastKnownFileType = sourcecode.swift; path = "UIView+Ext.swift"; sourceTree = "<group>"; };
		58A8462C2B016403002F6544 /* RadioPlaylistResponse.swift */ = {isa = PBXFileReference; lastKnownFileType = sourcecode.swift; path = RadioPlaylistResponse.swift; sourceTree = "<group>"; };
		58A8462E2B016653002F6544 /* PlaylistVC.swift */ = {isa = PBXFileReference; lastKnownFileType = sourcecode.swift; path = PlaylistVC.swift; sourceTree = "<group>"; };
		58A846302B016664002F6544 /* PlaylistViewModel.swift */ = {isa = PBXFileReference; lastKnownFileType = sourcecode.swift; path = PlaylistViewModel.swift; sourceTree = "<group>"; };
		58BBD8642AFCEFB500DB65BD /* SearchVC.swift */ = {isa = PBXFileReference; lastKnownFileType = sourcecode.swift; path = SearchVC.swift; sourceTree = "<group>"; };
		58BBD8662AFCEFC200DB65BD /* RecentSearchesView.swift */ = {isa = PBXFileReference; lastKnownFileType = sourcecode.swift; path = RecentSearchesView.swift; sourceTree = "<group>"; };
		58BBD8682AFCF66C00DB65BD /* SearchResultsView.swift */ = {isa = PBXFileReference; lastKnownFileType = sourcecode.swift; path = SearchResultsView.swift; sourceTree = "<group>"; };
		58BBD86D2AFD085B00DB65BD /* SearchResultsVC.swift */ = {isa = PBXFileReference; lastKnownFileType = sourcecode.swift; path = SearchResultsVC.swift; sourceTree = "<group>"; };
		58DA64A42B03D5FA0097A954 /* FirestoreManager.swift */ = {isa = PBXFileReference; lastKnownFileType = sourcecode.swift; path = FirestoreManager.swift; sourceTree = "<group>"; };
		58EE9CCC2B029F7200CAAF8E /* ProfileVM.swift */ = {isa = PBXFileReference; lastKnownFileType = sourcecode.swift; path = ProfileVM.swift; sourceTree = "<group>"; };
		58EE9CCE2B02B94300CAAF8E /* UserPlaylist.swift */ = {isa = PBXFileReference; lastKnownFileType = sourcecode.swift; path = UserPlaylist.swift; sourceTree = "<group>"; };
		836F4D712AFF5BD4008BE3FA /* SearchTableViewCell.swift */ = {isa = PBXFileReference; lastKnownFileType = sourcecode.swift; path = SearchTableViewCell.swift; sourceTree = "<group>"; };
		836F4D732AFF6685008BE3FA /* PlayerViewModel.swift */ = {isa = PBXFileReference; lastKnownFileType = sourcecode.swift; path = PlayerViewModel.swift; sourceTree = "<group>"; };
		83ABE1AD2AFCE9E100AA4146 /* ProfileVC.swift */ = {isa = PBXFileReference; lastKnownFileType = sourcecode.swift; path = ProfileVC.swift; sourceTree = "<group>"; };
		83ABE1AF2AFCE9F700AA4146 /* ProfileView.swift */ = {isa = PBXFileReference; lastKnownFileType = sourcecode.swift; path = ProfileView.swift; sourceTree = "<group>"; };
		83ABE1B12AFD074700AA4146 /* ProfilePlayListTableViewCell.swift */ = {isa = PBXFileReference; lastKnownFileType = sourcecode.swift; path = ProfilePlayListTableViewCell.swift; sourceTree = "<group>"; };
		83ABE1B42AFD076900AA4146 /* ProfileFavoriteTableViewCell.swift */ = {isa = PBXFileReference; lastKnownFileType = sourcecode.swift; path = ProfileFavoriteTableViewCell.swift; sourceTree = "<group>"; };
		83ABE1B82AFD25DA00AA4146 /* PlayerVC.swift */ = {isa = PBXFileReference; lastKnownFileType = sourcecode.swift; path = PlayerVC.swift; sourceTree = "<group>"; };
		83ABE1BA2AFD25EC00AA4146 /* PlayerView.swift */ = {isa = PBXFileReference; lastKnownFileType = sourcecode.swift; path = PlayerView.swift; sourceTree = "<group>"; };
		83C234CB2B0227FA00F3FF5F /* GenresMusicResponse.swift */ = {isa = PBXFileReference; lastKnownFileType = sourcecode.swift; path = GenresMusicResponse.swift; sourceTree = "<group>"; };
		83C234CD2B022EC300F3FF5F /* GenresArtistLists.swift */ = {isa = PBXFileReference; lastKnownFileType = sourcecode.swift; path = GenresArtistLists.swift; sourceTree = "<group>"; };
		83C234CF2B02309500F3FF5F /* GenreArtistsVC.swift */ = {isa = PBXFileReference; lastKnownFileType = sourcecode.swift; path = GenreArtistsVC.swift; sourceTree = "<group>"; };
		83C234D12B02311800F3FF5F /* GenreArtistsVM.swift */ = {isa = PBXFileReference; lastKnownFileType = sourcecode.swift; path = GenreArtistsVM.swift; sourceTree = "<group>"; };
		83C234D32B026E7100F3FF5F /* FirebaseService.swift */ = {isa = PBXFileReference; lastKnownFileType = sourcecode.swift; path = FirebaseService.swift; sourceTree = "<group>"; };
		83C234DB2B02706500F3FF5F /* CustomTextField.swift */ = {isa = PBXFileReference; fileEncoding = 4; lastKnownFileType = sourcecode.swift; path = CustomTextField.swift; sourceTree = "<group>"; };
		83C234DD2B02706E00F3FF5F /* MusicButton.swift */ = {isa = PBXFileReference; fileEncoding = 4; lastKnownFileType = sourcecode.swift; path = MusicButton.swift; sourceTree = "<group>"; };
		83C234DF2B02707600F3FF5F /* SecondaryTitleLabel.swift */ = {isa = PBXFileReference; fileEncoding = 4; lastKnownFileType = sourcecode.swift; path = SecondaryTitleLabel.swift; sourceTree = "<group>"; };
		83C234E02B02707600F3FF5F /* BodyLabel.swift */ = {isa = PBXFileReference; fileEncoding = 4; lastKnownFileType = sourcecode.swift; path = BodyLabel.swift; sourceTree = "<group>"; };
		83C234E12B02707600F3FF5F /* TitleLabel.swift */ = {isa = PBXFileReference; fileEncoding = 4; lastKnownFileType = sourcecode.swift; path = TitleLabel.swift; sourceTree = "<group>"; };
		83C234E62B02708300F3FF5F /* AlertVC.swift */ = {isa = PBXFileReference; lastKnownFileType = sourcecode.swift; path = AlertVC.swift; sourceTree = "<group>"; };
		83C234E72B02708700F3FF5F /* AlertContainerView.swift */ = {isa = PBXFileReference; fileEncoding = 4; lastKnownFileType = sourcecode.swift; path = AlertContainerView.swift; sourceTree = "<group>"; };
		83C234EB2B0270C800F3FF5F /* UIViewController+Ext.swift */ = {isa = PBXFileReference; fileEncoding = 4; lastKnownFileType = sourcecode.swift; path = "UIViewController+Ext.swift"; sourceTree = "<group>"; };
		83C234ED2B0270CC00F3FF5F /* Validation + Ext.swift */ = {isa = PBXFileReference; fileEncoding = 4; lastKnownFileType = sourcecode.swift; path = "Validation + Ext.swift"; sourceTree = "<group>"; };
		83C234F32B0271C500F3FF5F /* LoginVC.swift */ = {isa = PBXFileReference; fileEncoding = 4; lastKnownFileType = sourcecode.swift; path = LoginVC.swift; sourceTree = "<group>"; };
		83C234F42B0271C500F3FF5F /* RegisterVC.swift */ = {isa = PBXFileReference; fileEncoding = 4; lastKnownFileType = sourcecode.swift; path = RegisterVC.swift; sourceTree = "<group>"; };
		83C234F52B0271C500F3FF5F /* ForgotPasswordVC.swift */ = {isa = PBXFileReference; fileEncoding = 4; lastKnownFileType = sourcecode.swift; path = ForgotPasswordVC.swift; sourceTree = "<group>"; };
		83C234F92B0272D200F3FF5F /* AuthVM.swift */ = {isa = PBXFileReference; fileEncoding = 4; lastKnownFileType = sourcecode.swift; path = AuthVM.swift; sourceTree = "<group>"; };
		83C234FB2B0273CD00F3FF5F /* GoogleService-Info.plist */ = {isa = PBXFileReference; fileEncoding = 4; lastKnownFileType = text.plist.xml; path = "GoogleService-Info.plist"; sourceTree = "<group>"; };
		83C235092B0274DA00F3FF5F /* OnboardingVC.swift */ = {isa = PBXFileReference; fileEncoding = 4; lastKnownFileType = sourcecode.swift; path = OnboardingVC.swift; sourceTree = "<group>"; };
		83C2350B2B0274F000F3FF5F /* SliderCell.swift */ = {isa = PBXFileReference; fileEncoding = 4; lastKnownFileType = sourcecode.swift; path = SliderCell.swift; sourceTree = "<group>"; };
		83C2350D2B0274FA00F3FF5F /* OnboardingModel.swift */ = {isa = PBXFileReference; fileEncoding = 4; lastKnownFileType = sourcecode.swift; path = OnboardingModel.swift; sourceTree = "<group>"; };
		83C235142B02755E00F3FF5F /* OnboardingVM.swift */ = {isa = PBXFileReference; fileEncoding = 4; lastKnownFileType = sourcecode.swift; path = OnboardingVM.swift; sourceTree = "<group>"; };
		83C2351E2B02789400F3FF5F /* a1.json */ = {isa = PBXFileReference; fileEncoding = 4; lastKnownFileType = text.json; path = a1.json; sourceTree = "<group>"; };
		83C2351F2B02789400F3FF5F /* a2.json */ = {isa = PBXFileReference; fileEncoding = 4; lastKnownFileType = text.json; path = a2.json; sourceTree = "<group>"; };
		83C235222B0278FC00F3FF5F /* UIColor+Ext.swift */ = {isa = PBXFileReference; fileEncoding = 4; lastKnownFileType = sourcecode.swift; path = "UIColor+Ext.swift"; sourceTree = "<group>"; };
/* End PBXFileReference section */

/* Begin PBXFrameworksBuildPhase section */
		587FC4E62AFA54AC00D6B976 /* Frameworks */ = {
			isa = PBXFrameworksBuildPhase;
			buildActionMask = 2147483647;
			files = (
				83C2351D2B02783900F3FF5F /* Lottie in Frameworks */,
				58563FF52AFE9DDE00ADECE1 /* Kingfisher in Frameworks */,
				83C2351A2B02769700F3FF5F /* FirebaseFirestore in Frameworks */,
				83C235182B02769700F3FF5F /* FirebaseAuth in Frameworks */,
				58563FE42AFE76F000ADECE1 /* Alamofire in Frameworks */,
				83EB85942B04F43E0070359B /* FirebaseStorage in Frameworks */,
			);
			runOnlyForDeploymentPostprocessing = 0;
		};
/* End PBXFrameworksBuildPhase section */

/* Begin PBXGroup section */
		58107B2B2B04CCFE008CE0D6 /* Networking */ = {
			isa = PBXGroup;
			children = (
				58563FE52AFE76FE00ADECE1 /* Services */,
				58563FE62AFE770400ADECE1 /* Managers */,
			);
			path = Networking;
			sourceTree = "<group>";
		};
		581CF22F2B025D5800E08ADA /* Discover */ = {
			isa = PBXGroup;
			children = (
				581CF2232B02395800E08ADA /* DiscoverVC.swift */,
				581CF2252B02396A00E08ADA /* DiscoverView.swift */,
			);
			path = Discover;
			sourceTree = "<group>";
		};
		581CF2302B025D7D00E08ADA /* Genres */ = {
			isa = PBXGroup;
			children = (
				581CF2272B023DC600E08ADA /* GenresVC.swift */,
				581CF2292B023E8F00E08ADA /* GenresView.swift */,
				581CF2322B025DB400E08ADA /* GenresArtists */,
			);
			path = Genres;
			sourceTree = "<group>";
		};
		581CF2322B025DB400E08ADA /* GenresArtists */ = {
			isa = PBXGroup;
			children = (
				83C234CF2B02309500F3FF5F /* GenreArtistsVC.swift */,
				581CF22B2B02406C00E08ADA /* GenreArtistsView.swift */,
				83C234D12B02311800F3FF5F /* GenreArtistsVM.swift */,
			);
			path = GenresArtists;
			sourceTree = "<group>";
		};
		581CF2332B025DCF00E08ADA /* Playlist */ = {
			isa = PBXGroup;
			children = (
				58A8462E2B016653002F6544 /* PlaylistVC.swift */,
				581CF22D2B0244FA00E08ADA /* PlaylistView.swift */,
				58A846302B016664002F6544 /* PlaylistViewModel.swift */,
			);
			path = Playlist;
			sourceTree = "<group>";
		};
		582B6C5A2AFD325F00B74E8B /* TabBar */ = {
			isa = PBXGroup;
			children = (
				582B6C5B2AFD328F00B74E8B /* MainTabBarVC.swift */,
			);
			path = TabBar;
			sourceTree = "<group>";
		};
		58563FE52AFE76FE00ADECE1 /* Services */ = {
			isa = PBXGroup;
			children = (
				58563FE72AFE772900ADECE1 /* AlamofireService.swift */,
				83C234D32B026E7100F3FF5F /* FirebaseService.swift */,
			);
			path = Services;
			sourceTree = "<group>";
		};
		58563FE62AFE770400ADECE1 /* Managers */ = {
			isa = PBXGroup;
			children = (
				58563FE92AFE7EAA00ADECE1 /* DeezerAPIManager.swift */,
				58DA64A42B03D5FA0097A954 /* FirestoreManager.swift */,
				58107B2F2B04E935008CE0D6 /* FirebaseAuthManager.swift */,
			);
			path = Managers;
			sourceTree = "<group>";
		};
		58563FEB2AFE7EC000ADECE1 /* Models */ = {
			isa = PBXGroup;
			children = (
				83C2350D2B0274FA00F3FF5F /* OnboardingModel.swift */,
				58563FEC2AFE7F7700ADECE1 /* SearchTrackResponse.swift */,
				58563FFC2AFFCBAC00ADECE1 /* RadioResponse.swift */,
				58A8462C2B016403002F6544 /* RadioPlaylistResponse.swift */,
				83C234CB2B0227FA00F3FF5F /* GenresMusicResponse.swift */,
				83C234CD2B022EC300F3FF5F /* GenresArtistLists.swift */,
				58EE9CCE2B02B94300CAAF8E /* UserPlaylist.swift */,
			);
			path = Models;
			sourceTree = "<group>";
		};
		58563FF92AFFC12A00ADECE1 /* Utils */ = {
			isa = PBXGroup;
			children = (
				58563FFA2AFFC13000ADECE1 /* WorkItem.swift */,
				58107B2D2B04E3DC008CE0D6 /* ApplicationVariables.swift */,
			);
			path = Utils;
			sourceTree = "<group>";
		};
		587FC4E02AFA54AC00D6B976 = {
			isa = PBXGroup;
			children = (
				587FC4EB2AFA54AC00D6B976 /* Music */,
				587FC4EA2AFA54AC00D6B976 /* Products */,
				83C235162B02769700F3FF5F /* Frameworks */,
			);
			sourceTree = "<group>";
		};
		587FC4EA2AFA54AC00D6B976 /* Products */ = {
			isa = PBXGroup;
			children = (
				587FC4E92AFA54AC00D6B976 /* Music.app */,
			);
			name = Products;
			sourceTree = "<group>";
		};
		587FC4EB2AFA54AC00D6B976 /* Music */ = {
			isa = PBXGroup;
			children = (
				58563FF92AFFC12A00ADECE1 /* Utils */,
				587FC5072AFA58F800D6B976 /* Extensions */,
				58107B2B2B04CCFE008CE0D6 /* Networking */,
				58563FEB2AFE7EC000ADECE1 /* Models */,
				83C235082B0274CD00F3FF5F /* Onboarding */,
				83C234F22B0271B000F3FF5F /* Auth */,
				582B6C5A2AFD325F00B74E8B /* TabBar */,
				587FC5002AFA556E00D6B976 /* Home */,
				58BBD8632AFCEF9900DB65BD /* Search */,
				83ABE1AC2AFCE96A00AA4146 /* Profile */,
				83ABE1B72AFD258800AA4146 /* Player */,
				83C234D52B026FC500F3FF5F /* Custom Components */,
				587FC5062AFA56A100D6B976 /* Supporting Files */,
			);
			path = Music;
			sourceTree = "<group>";
		};
		587FC5002AFA556E00D6B976 /* Home */ = {
			isa = PBXGroup;
			children = (
				587FC5012AFA558900D6B976 /* HomeVC.swift */,
				587FC5032AFA55B300D6B976 /* HomeView.swift */,
				58563FFE2AFFCD2100ADECE1 /* HomeViewModel.swift */,
				58BBD8622AFCDE1B00DB65BD /* Cells */,
				581CF22F2B025D5800E08ADA /* Discover */,
				581CF2302B025D7D00E08ADA /* Genres */,
				581CF2332B025DCF00E08ADA /* Playlist */,
			);
			path = Home;
			sourceTree = "<group>";
		};
		587FC5062AFA56A100D6B976 /* Supporting Files */ = {
			isa = PBXGroup;
			children = (
				587FC4EC2AFA54AC00D6B976 /* AppDelegate.swift */,
				587FC4EE2AFA54AC00D6B976 /* SceneDelegate.swift */,
				587FC4F52AFA54AD00D6B976 /* Assets.xcassets */,
				587FC4F72AFA54AD00D6B976 /* LaunchScreen.storyboard */,
				587FC4FA2AFA54AD00D6B976 /* Info.plist */,
				83C234FB2B0273CD00F3FF5F /* GoogleService-Info.plist */,
			);
			path = "Supporting Files";
			sourceTree = "<group>";
		};
		587FC5072AFA58F800D6B976 /* Extensions */ = {
			isa = PBXGroup;
			children = (
				83C235222B0278FC00F3FF5F /* UIColor+Ext.swift */,
				83C234ED2B0270CC00F3FF5F /* Validation + Ext.swift */,
				83C234EB2B0270C800F3FF5F /* UIViewController+Ext.swift */,
				587FC5082AFA592500D6B976 /* UIView+Ext.swift */,
				58107B292B04C804008CE0D6 /* Int+Ext.swift */,
			);
			path = Extensions;
			sourceTree = "<group>";
		};
		58BBD8622AFCDE1B00DB65BD /* Cells */ = {
			isa = PBXGroup;
			children = (
				586E1FF72AFABCF800B1D914 /* MusicCollectionViewCell.swift */,
				586E20022AFAD65800B1D914 /* PopularSongsTableViewCell.swift */,
			);
			path = Cells;
			sourceTree = "<group>";
		};
		58BBD8632AFCEF9900DB65BD /* Search */ = {
			isa = PBXGroup;
			children = (
				836F4D702AFF5B93008BE3FA /* Cell */,
				58BBD8642AFCEFB500DB65BD /* SearchVC.swift */,
				58BBD8662AFCEFC200DB65BD /* RecentSearchesView.swift */,
				58BBD8682AFCF66C00DB65BD /* SearchResultsView.swift */,
				58BBD86D2AFD085B00DB65BD /* SearchResultsVC.swift */,
				58563FEE2AFE7FAF00ADECE1 /* SearchViewModel.swift */,
			);
			path = Search;
			sourceTree = "<group>";
		};
		836F4D702AFF5B93008BE3FA /* Cell */ = {
			isa = PBXGroup;
			children = (
				836F4D712AFF5BD4008BE3FA /* SearchTableViewCell.swift */,
			);
			path = Cell;
			sourceTree = "<group>";
		};
		83ABE1AC2AFCE96A00AA4146 /* Profile */ = {
			isa = PBXGroup;
			children = (
				83ABE1B32AFD074A00AA4146 /* Cell */,
				83ABE1AD2AFCE9E100AA4146 /* ProfileVC.swift */,
				83ABE1AF2AFCE9F700AA4146 /* ProfileView.swift */,
				58EE9CCC2B029F7200CAAF8E /* ProfileVM.swift */,
				580719E42B02C4F900B77045 /* CreatePlaylistPopupVC.swift */,
			);
			path = Profile;
			sourceTree = "<group>";
		};
		83ABE1B32AFD074A00AA4146 /* Cell */ = {
			isa = PBXGroup;
			children = (
				83ABE1B12AFD074700AA4146 /* ProfilePlayListTableViewCell.swift */,
				83ABE1B42AFD076900AA4146 /* ProfileFavoriteTableViewCell.swift */,
			);
			path = Cell;
			sourceTree = "<group>";
		};
		83ABE1B72AFD258800AA4146 /* Player */ = {
			isa = PBXGroup;
			children = (
				83ABE1B82AFD25DA00AA4146 /* PlayerVC.swift */,
				83ABE1BA2AFD25EC00AA4146 /* PlayerView.swift */,
				836F4D732AFF6685008BE3FA /* PlayerViewModel.swift */,
				580719E62B02D24F00B77045 /* AddToPlaylistPopupVC.swift */,
				580719E82B02D34B00B77045 /* AddToPlaylistPopupVM.swift */,
			);
			path = Player;
			sourceTree = "<group>";
		};
		83C234D52B026FC500F3FF5F /* Custom Components */ = {
			isa = PBXGroup;
			children = (
				83C234E52B02707F00F3FF5F /* Alert */,
				83C234DA2B02704E00F3FF5F /* TextField */,
				83C234D92B02704800F3FF5F /* Buttons */,
				83C234D82B02704300F3FF5F /* Label */,
			);
			path = "Custom Components";
			sourceTree = "<group>";
		};
		83C234D82B02704300F3FF5F /* Label */ = {
			isa = PBXGroup;
			children = (
				83C234E02B02707600F3FF5F /* BodyLabel.swift */,
				83C234DF2B02707600F3FF5F /* SecondaryTitleLabel.swift */,
				83C234E12B02707600F3FF5F /* TitleLabel.swift */,
			);
			path = Label;
			sourceTree = "<group>";
		};
		83C234D92B02704800F3FF5F /* Buttons */ = {
			isa = PBXGroup;
			children = (
				83C234DD2B02706E00F3FF5F /* MusicButton.swift */,
			);
			path = Buttons;
			sourceTree = "<group>";
		};
		83C234DA2B02704E00F3FF5F /* TextField */ = {
			isa = PBXGroup;
			children = (
				83C234DB2B02706500F3FF5F /* CustomTextField.swift */,
			);
			path = TextField;
			sourceTree = "<group>";
		};
		83C234E52B02707F00F3FF5F /* Alert */ = {
			isa = PBXGroup;
			children = (
				83C234E72B02708700F3FF5F /* AlertContainerView.swift */,
				83C234E62B02708300F3FF5F /* AlertVC.swift */,
			);
			path = Alert;
			sourceTree = "<group>";
		};
		83C234F22B0271B000F3FF5F /* Auth */ = {
			isa = PBXGroup;
			children = (
				83C234F92B0272D200F3FF5F /* AuthVM.swift */,
				83C234F32B0271C500F3FF5F /* LoginVC.swift */,
				83C234F42B0271C500F3FF5F /* RegisterVC.swift */,
				83C234F52B0271C500F3FF5F /* ForgotPasswordVC.swift */,
			);
			path = Auth;
			sourceTree = "<group>";
		};
		83C235082B0274CD00F3FF5F /* Onboarding */ = {
			isa = PBXGroup;
			children = (
				83C2350F2B02752B00F3FF5F /* LottieAnmations */,
				83C235092B0274DA00F3FF5F /* OnboardingVC.swift */,
				83C235142B02755E00F3FF5F /* OnboardingVM.swift */,
				83C2350B2B0274F000F3FF5F /* SliderCell.swift */,
			);
			path = Onboarding;
			sourceTree = "<group>";
		};
		83C2350F2B02752B00F3FF5F /* LottieAnmations */ = {
			isa = PBXGroup;
			children = (
				83C2351F2B02789400F3FF5F /* a2.json */,
				83C2351E2B02789400F3FF5F /* a1.json */,
			);
			path = LottieAnmations;
			sourceTree = "<group>";
		};
		83C235162B02769700F3FF5F /* Frameworks */ = {
			isa = PBXGroup;
			children = (
			);
			name = Frameworks;
			sourceTree = "<group>";
		};
/* End PBXGroup section */

/* Begin PBXNativeTarget section */
		587FC4E82AFA54AC00D6B976 /* Music */ = {
			isa = PBXNativeTarget;
			buildConfigurationList = 587FC4FD2AFA54AD00D6B976 /* Build configuration list for PBXNativeTarget "Music" */;
			buildPhases = (
				587FC4E52AFA54AC00D6B976 /* Sources */,
				587FC4E62AFA54AC00D6B976 /* Frameworks */,
				587FC4E72AFA54AC00D6B976 /* Resources */,
			);
			buildRules = (
			);
			dependencies = (
			);
			name = Music;
			packageProductDependencies = (
				58563FE32AFE76F000ADECE1 /* Alamofire */,
				58563FF42AFE9DDE00ADECE1 /* Kingfisher */,
				83C235172B02769700F3FF5F /* FirebaseAuth */,
				83C235192B02769700F3FF5F /* FirebaseFirestore */,
				83C2351C2B02783900F3FF5F /* Lottie */,
				83EB85932B04F43E0070359B /* FirebaseStorage */,
			);
			productName = Music;
			productReference = 587FC4E92AFA54AC00D6B976 /* Music.app */;
			productType = "com.apple.product-type.application";
		};
/* End PBXNativeTarget section */

/* Begin PBXProject section */
		587FC4E12AFA54AC00D6B976 /* Project object */ = {
			isa = PBXProject;
			attributes = {
				BuildIndependentTargetsInParallel = 1;
				LastSwiftUpdateCheck = 1500;
				LastUpgradeCheck = 1500;
				TargetAttributes = {
					587FC4E82AFA54AC00D6B976 = {
						CreatedOnToolsVersion = 15.0;
					};
				};
			};
			buildConfigurationList = 587FC4E42AFA54AC00D6B976 /* Build configuration list for PBXProject "Music" */;
			compatibilityVersion = "Xcode 14.0";
			developmentRegion = en;
			hasScannedForEncodings = 0;
			knownRegions = (
				en,
				Base,
			);
			mainGroup = 587FC4E02AFA54AC00D6B976;
			packageReferences = (
				58563FE22AFE76F000ADECE1 /* XCRemoteSwiftPackageReference "Alamofire" */,
				58563FF32AFE9DDE00ADECE1 /* XCRemoteSwiftPackageReference "Kingfisher" */,
				83C234FD2B02745F00F3FF5F /* XCRemoteSwiftPackageReference "firebase-ios-sdk" */,
				83C2351B2B02783900F3FF5F /* XCRemoteSwiftPackageReference "lottie-ios" */,
			);
			productRefGroup = 587FC4EA2AFA54AC00D6B976 /* Products */;
			projectDirPath = "";
			projectRoot = "";
			targets = (
				587FC4E82AFA54AC00D6B976 /* Music */,
			);
		};
/* End PBXProject section */

/* Begin PBXResourcesBuildPhase section */
		587FC4E72AFA54AC00D6B976 /* Resources */ = {
			isa = PBXResourcesBuildPhase;
			buildActionMask = 2147483647;
			files = (
				587FC4F92AFA54AD00D6B976 /* LaunchScreen.storyboard in Resources */,
				587FC4F62AFA54AD00D6B976 /* Assets.xcassets in Resources */,
				83C235202B02789400F3FF5F /* a1.json in Resources */,
				83C235212B02789400F3FF5F /* a2.json in Resources */,
				83C234FC2B0273CD00F3FF5F /* GoogleService-Info.plist in Resources */,
			);
			runOnlyForDeploymentPostprocessing = 0;
		};
/* End PBXResourcesBuildPhase section */

/* Begin PBXSourcesBuildPhase section */
		587FC4E52AFA54AC00D6B976 /* Sources */ = {
			isa = PBXSourcesBuildPhase;
			buildActionMask = 2147483647;
			files = (
				83C234E32B02707600F3FF5F /* BodyLabel.swift in Sources */,
				580719E52B02C4F900B77045 /* CreatePlaylistPopupVC.swift in Sources */,
				58563FEF2AFE7FAF00ADECE1 /* SearchViewModel.swift in Sources */,
				58563FFB2AFFC13000ADECE1 /* WorkItem.swift in Sources */,
				83C235152B02755E00F3FF5F /* OnboardingVM.swift in Sources */,
				58107B2A2B04C804008CE0D6 /* Int+Ext.swift in Sources */,
				58BBD8652AFCEFB500DB65BD /* SearchVC.swift in Sources */,
				83C234E22B02707600F3FF5F /* SecondaryTitleLabel.swift in Sources */,
				581CF2262B02396A00E08ADA /* DiscoverView.swift in Sources */,
				58EE9CCF2B02B94300CAAF8E /* UserPlaylist.swift in Sources */,
				58BBD8672AFCEFC200DB65BD /* RecentSearchesView.swift in Sources */,
				580719E92B02D34B00B77045 /* AddToPlaylistPopupVM.swift in Sources */,
				581CF2282B023DC600E08ADA /* GenresVC.swift in Sources */,
				58A8462D2B016403002F6544 /* RadioPlaylistResponse.swift in Sources */,
				58EE9CCD2B029F7200CAAF8E /* ProfileVM.swift in Sources */,
				83C234E82B02708700F3FF5F /* AlertContainerView.swift in Sources */,
				58563FFD2AFFCBAC00ADECE1 /* RadioResponse.swift in Sources */,
				58563FEA2AFE7EAA00ADECE1 /* DeezerAPIManager.swift in Sources */,
				58BBD86E2AFD085B00DB65BD /* SearchResultsVC.swift in Sources */,
				83C234CC2B0227FA00F3FF5F /* GenresMusicResponse.swift in Sources */,
				83C234F82B0271C500F3FF5F /* ForgotPasswordVC.swift in Sources */,
				58A8462F2B016653002F6544 /* PlaylistVC.swift in Sources */,
				83C234F72B0271C500F3FF5F /* RegisterVC.swift in Sources */,
				83C235232B0278FC00F3FF5F /* UIColor+Ext.swift in Sources */,
				83C2350A2B0274DA00F3FF5F /* OnboardingVC.swift in Sources */,
				83C234DE2B02706E00F3FF5F /* MusicButton.swift in Sources */,
				83C234FA2B0272D200F3FF5F /* AuthVM.swift in Sources */,
				83ABE1B52AFD076900AA4146 /* ProfileFavoriteTableViewCell.swift in Sources */,
				83C234CE2B022EC300F3FF5F /* GenresArtistLists.swift in Sources */,
				83C2350C2B0274F000F3FF5F /* SliderCell.swift in Sources */,
				587FC5022AFA558900D6B976 /* HomeVC.swift in Sources */,
				83ABE1BB2AFD25EC00AA4146 /* PlayerView.swift in Sources */,
				83C234DC2B02706500F3FF5F /* CustomTextField.swift in Sources */,
				83C2350E2B0274FA00F3FF5F /* OnboardingModel.swift in Sources */,
				58563FFF2AFFCD2100ADECE1 /* HomeViewModel.swift in Sources */,
				83C234F62B0271C500F3FF5F /* LoginVC.swift in Sources */,
				58107B2E2B04E3DC008CE0D6 /* ApplicationVariables.swift in Sources */,
				581CF22C2B02406C00E08ADA /* GenreArtistsView.swift in Sources */,
				836F4D722AFF5BD4008BE3FA /* SearchTableViewCell.swift in Sources */,
				581CF22A2B023E8F00E08ADA /* GenresView.swift in Sources */,
				58A846312B016664002F6544 /* PlaylistViewModel.swift in Sources */,
				836F4D742AFF6685008BE3FA /* PlayerViewModel.swift in Sources */,
				83ABE1B02AFCE9F700AA4146 /* ProfileView.swift in Sources */,
				83C234D02B02309500F3FF5F /* GenreArtistsVC.swift in Sources */,
				58DA64A52B03D5FA0097A954 /* FirestoreManager.swift in Sources */,
				83ABE1B92AFD25DA00AA4146 /* PlayerVC.swift in Sources */,
				83C234EC2B0270C800F3FF5F /* UIViewController+Ext.swift in Sources */,
				587FC5042AFA55B300D6B976 /* HomeView.swift in Sources */,
				586E20032AFAD65800B1D914 /* PopularSongsTableViewCell.swift in Sources */,
				587FC5092AFA592500D6B976 /* UIView+Ext.swift in Sources */,
				83ABE1AE2AFCE9E100AA4146 /* ProfileVC.swift in Sources */,
				83C234D42B026E7100F3FF5F /* FirebaseService.swift in Sources */,
				587FC4ED2AFA54AC00D6B976 /* AppDelegate.swift in Sources */,
				83C234D22B02311800F3FF5F /* GenreArtistsVM.swift in Sources */,
				58107B302B04E935008CE0D6 /* FirebaseAuthManager.swift in Sources */,
				83C234EE2B0270CC00F3FF5F /* Validation + Ext.swift in Sources */,
				582B6C5C2AFD328F00B74E8B /* MainTabBarVC.swift in Sources */,
				58BBD8692AFCF66C00DB65BD /* SearchResultsView.swift in Sources */,
				58563FED2AFE7F7800ADECE1 /* SearchTrackResponse.swift in Sources */,
				581CF22E2B0244FA00E08ADA /* PlaylistView.swift in Sources */,
				83ABE1B22AFD074700AA4146 /* ProfilePlayListTableViewCell.swift in Sources */,
				580719E72B02D24F00B77045 /* AddToPlaylistPopupVC.swift in Sources */,
				83C234EF2B02711A00F3FF5F /* AlertVC.swift in Sources */,
				58563FE82AFE772900ADECE1 /* AlamofireService.swift in Sources */,
				586E1FF82AFABCF800B1D914 /* MusicCollectionViewCell.swift in Sources */,
				587FC4EF2AFA54AC00D6B976 /* SceneDelegate.swift in Sources */,
				83C234E42B02707600F3FF5F /* TitleLabel.swift in Sources */,
				581CF2242B02395800E08ADA /* DiscoverVC.swift in Sources */,
			);
			runOnlyForDeploymentPostprocessing = 0;
		};
/* End PBXSourcesBuildPhase section */

/* Begin PBXVariantGroup section */
		587FC4F72AFA54AD00D6B976 /* LaunchScreen.storyboard */ = {
			isa = PBXVariantGroup;
			children = (
				587FC4F82AFA54AD00D6B976 /* Base */,
			);
			name = LaunchScreen.storyboard;
			sourceTree = "<group>";
		};
/* End PBXVariantGroup section */

/* Begin XCBuildConfiguration section */
		587FC4FB2AFA54AD00D6B976 /* Debug */ = {
			isa = XCBuildConfiguration;
			buildSettings = {
				ALWAYS_SEARCH_USER_PATHS = NO;
				ASSETCATALOG_COMPILER_GENERATE_SWIFT_ASSET_SYMBOL_EXTENSIONS = YES;
				CLANG_ANALYZER_NONNULL = YES;
				CLANG_ANALYZER_NUMBER_OBJECT_CONVERSION = YES_AGGRESSIVE;
				CLANG_CXX_LANGUAGE_STANDARD = "gnu++20";
				CLANG_ENABLE_MODULES = YES;
				CLANG_ENABLE_OBJC_ARC = YES;
				CLANG_ENABLE_OBJC_WEAK = YES;
				CLANG_WARN_BLOCK_CAPTURE_AUTORELEASING = YES;
				CLANG_WARN_BOOL_CONVERSION = YES;
				CLANG_WARN_COMMA = YES;
				CLANG_WARN_CONSTANT_CONVERSION = YES;
				CLANG_WARN_DEPRECATED_OBJC_IMPLEMENTATIONS = YES;
				CLANG_WARN_DIRECT_OBJC_ISA_USAGE = YES_ERROR;
				CLANG_WARN_DOCUMENTATION_COMMENTS = YES;
				CLANG_WARN_EMPTY_BODY = YES;
				CLANG_WARN_ENUM_CONVERSION = YES;
				CLANG_WARN_INFINITE_RECURSION = YES;
				CLANG_WARN_INT_CONVERSION = YES;
				CLANG_WARN_NON_LITERAL_NULL_CONVERSION = YES;
				CLANG_WARN_OBJC_IMPLICIT_RETAIN_SELF = YES;
				CLANG_WARN_OBJC_LITERAL_CONVERSION = YES;
				CLANG_WARN_OBJC_ROOT_CLASS = YES_ERROR;
				CLANG_WARN_QUOTED_INCLUDE_IN_FRAMEWORK_HEADER = YES;
				CLANG_WARN_RANGE_LOOP_ANALYSIS = YES;
				CLANG_WARN_STRICT_PROTOTYPES = YES;
				CLANG_WARN_SUSPICIOUS_MOVE = YES;
				CLANG_WARN_UNGUARDED_AVAILABILITY = YES_AGGRESSIVE;
				CLANG_WARN_UNREACHABLE_CODE = YES;
				CLANG_WARN__DUPLICATE_METHOD_MATCH = YES;
				COPY_PHASE_STRIP = NO;
				DEBUG_INFORMATION_FORMAT = dwarf;
				ENABLE_STRICT_OBJC_MSGSEND = YES;
				ENABLE_TESTABILITY = YES;
				ENABLE_USER_SCRIPT_SANDBOXING = YES;
				GCC_C_LANGUAGE_STANDARD = gnu17;
				GCC_DYNAMIC_NO_PIC = NO;
				GCC_NO_COMMON_BLOCKS = YES;
				GCC_OPTIMIZATION_LEVEL = 0;
				GCC_PREPROCESSOR_DEFINITIONS = (
					"DEBUG=1",
					"$(inherited)",
				);
				GCC_WARN_64_TO_32_BIT_CONVERSION = YES;
				GCC_WARN_ABOUT_RETURN_TYPE = YES_ERROR;
				GCC_WARN_UNDECLARED_SELECTOR = YES;
				GCC_WARN_UNINITIALIZED_AUTOS = YES_AGGRESSIVE;
				GCC_WARN_UNUSED_FUNCTION = YES;
				GCC_WARN_UNUSED_VARIABLE = YES;
				IPHONEOS_DEPLOYMENT_TARGET = 17.0;
				LOCALIZATION_PREFERS_STRING_CATALOGS = YES;
				MTL_ENABLE_DEBUG_INFO = INCLUDE_SOURCE;
				MTL_FAST_MATH = YES;
				ONLY_ACTIVE_ARCH = YES;
				SDKROOT = iphoneos;
				SWIFT_ACTIVE_COMPILATION_CONDITIONS = "DEBUG $(inherited)";
				SWIFT_OPTIMIZATION_LEVEL = "-Onone";
			};
			name = Debug;
		};
		587FC4FC2AFA54AD00D6B976 /* Release */ = {
			isa = XCBuildConfiguration;
			buildSettings = {
				ALWAYS_SEARCH_USER_PATHS = NO;
				ASSETCATALOG_COMPILER_GENERATE_SWIFT_ASSET_SYMBOL_EXTENSIONS = YES;
				CLANG_ANALYZER_NONNULL = YES;
				CLANG_ANALYZER_NUMBER_OBJECT_CONVERSION = YES_AGGRESSIVE;
				CLANG_CXX_LANGUAGE_STANDARD = "gnu++20";
				CLANG_ENABLE_MODULES = YES;
				CLANG_ENABLE_OBJC_ARC = YES;
				CLANG_ENABLE_OBJC_WEAK = YES;
				CLANG_WARN_BLOCK_CAPTURE_AUTORELEASING = YES;
				CLANG_WARN_BOOL_CONVERSION = YES;
				CLANG_WARN_COMMA = YES;
				CLANG_WARN_CONSTANT_CONVERSION = YES;
				CLANG_WARN_DEPRECATED_OBJC_IMPLEMENTATIONS = YES;
				CLANG_WARN_DIRECT_OBJC_ISA_USAGE = YES_ERROR;
				CLANG_WARN_DOCUMENTATION_COMMENTS = YES;
				CLANG_WARN_EMPTY_BODY = YES;
				CLANG_WARN_ENUM_CONVERSION = YES;
				CLANG_WARN_INFINITE_RECURSION = YES;
				CLANG_WARN_INT_CONVERSION = YES;
				CLANG_WARN_NON_LITERAL_NULL_CONVERSION = YES;
				CLANG_WARN_OBJC_IMPLICIT_RETAIN_SELF = YES;
				CLANG_WARN_OBJC_LITERAL_CONVERSION = YES;
				CLANG_WARN_OBJC_ROOT_CLASS = YES_ERROR;
				CLANG_WARN_QUOTED_INCLUDE_IN_FRAMEWORK_HEADER = YES;
				CLANG_WARN_RANGE_LOOP_ANALYSIS = YES;
				CLANG_WARN_STRICT_PROTOTYPES = YES;
				CLANG_WARN_SUSPICIOUS_MOVE = YES;
				CLANG_WARN_UNGUARDED_AVAILABILITY = YES_AGGRESSIVE;
				CLANG_WARN_UNREACHABLE_CODE = YES;
				CLANG_WARN__DUPLICATE_METHOD_MATCH = YES;
				COPY_PHASE_STRIP = NO;
				DEBUG_INFORMATION_FORMAT = "dwarf-with-dsym";
				ENABLE_NS_ASSERTIONS = NO;
				ENABLE_STRICT_OBJC_MSGSEND = YES;
				ENABLE_USER_SCRIPT_SANDBOXING = YES;
				GCC_C_LANGUAGE_STANDARD = gnu17;
				GCC_NO_COMMON_BLOCKS = YES;
				GCC_WARN_64_TO_32_BIT_CONVERSION = YES;
				GCC_WARN_ABOUT_RETURN_TYPE = YES_ERROR;
				GCC_WARN_UNDECLARED_SELECTOR = YES;
				GCC_WARN_UNINITIALIZED_AUTOS = YES_AGGRESSIVE;
				GCC_WARN_UNUSED_FUNCTION = YES;
				GCC_WARN_UNUSED_VARIABLE = YES;
				IPHONEOS_DEPLOYMENT_TARGET = 17.0;
				LOCALIZATION_PREFERS_STRING_CATALOGS = YES;
				MTL_ENABLE_DEBUG_INFO = NO;
				MTL_FAST_MATH = YES;
				SDKROOT = iphoneos;
				SWIFT_COMPILATION_MODE = wholemodule;
				VALIDATE_PRODUCT = YES;
			};
			name = Release;
		};
		587FC4FE2AFA54AD00D6B976 /* Debug */ = {
			isa = XCBuildConfiguration;
			buildSettings = {
				ASSETCATALOG_COMPILER_APPICON_NAME = AppIcon;
				ASSETCATALOG_COMPILER_GLOBAL_ACCENT_COLOR_NAME = AccentColor;
				CODE_SIGN_STYLE = Automatic;
				CURRENT_PROJECT_VERSION = 1;
				DEVELOPMENT_TEAM = FYQZLQ757N;
				GENERATE_INFOPLIST_FILE = YES;
				INFOPLIST_FILE = "Music/Supporting Files/Info.plist";
				INFOPLIST_KEY_UIApplicationSupportsIndirectInputEvents = YES;
				INFOPLIST_KEY_UILaunchStoryboardName = LaunchScreen;
				INFOPLIST_KEY_UISupportedInterfaceOrientations_iPad = "UIInterfaceOrientationPortrait UIInterfaceOrientationPortraitUpsideDown UIInterfaceOrientationLandscapeLeft UIInterfaceOrientationLandscapeRight";
				INFOPLIST_KEY_UISupportedInterfaceOrientations_iPhone = "UIInterfaceOrientationPortrait UIInterfaceOrientationLandscapeLeft UIInterfaceOrientationLandscapeRight";
				LD_RUNPATH_SEARCH_PATHS = (
					"$(inherited)",
					"@executable_path/Frameworks",
				);
				MARKETING_VERSION = 1.0;
				PRODUCT_BUNDLE_IDENTIFIER = com.nurluyolerislam.Music;
				PRODUCT_NAME = "$(TARGET_NAME)";
				SWIFT_EMIT_LOC_STRINGS = YES;
				SWIFT_VERSION = 5.0;
				TARGETED_DEVICE_FAMILY = "1,2";
			};
			name = Debug;
		};
		587FC4FF2AFA54AD00D6B976 /* Release */ = {
			isa = XCBuildConfiguration;
			buildSettings = {
				ASSETCATALOG_COMPILER_APPICON_NAME = AppIcon;
				ASSETCATALOG_COMPILER_GLOBAL_ACCENT_COLOR_NAME = AccentColor;
				CODE_SIGN_STYLE = Automatic;
				CURRENT_PROJECT_VERSION = 1;
				DEVELOPMENT_TEAM = FYQZLQ757N;
				GENERATE_INFOPLIST_FILE = YES;
				INFOPLIST_FILE = "Music/Supporting Files/Info.plist";
				INFOPLIST_KEY_UIApplicationSupportsIndirectInputEvents = YES;
				INFOPLIST_KEY_UILaunchStoryboardName = LaunchScreen;
				INFOPLIST_KEY_UISupportedInterfaceOrientations_iPad = "UIInterfaceOrientationPortrait UIInterfaceOrientationPortraitUpsideDown UIInterfaceOrientationLandscapeLeft UIInterfaceOrientationLandscapeRight";
				INFOPLIST_KEY_UISupportedInterfaceOrientations_iPhone = "UIInterfaceOrientationPortrait UIInterfaceOrientationLandscapeLeft UIInterfaceOrientationLandscapeRight";
				LD_RUNPATH_SEARCH_PATHS = (
					"$(inherited)",
					"@executable_path/Frameworks",
				);
				MARKETING_VERSION = 1.0;
				PRODUCT_BUNDLE_IDENTIFIER = com.nurluyolerislam.Music;
				PRODUCT_NAME = "$(TARGET_NAME)";
				SWIFT_EMIT_LOC_STRINGS = YES;
				SWIFT_VERSION = 5.0;
				TARGETED_DEVICE_FAMILY = "1,2";
			};
			name = Release;
		};
/* End XCBuildConfiguration section */

/* Begin XCConfigurationList section */
		587FC4E42AFA54AC00D6B976 /* Build configuration list for PBXProject "Music" */ = {
			isa = XCConfigurationList;
			buildConfigurations = (
				587FC4FB2AFA54AD00D6B976 /* Debug */,
				587FC4FC2AFA54AD00D6B976 /* Release */,
			);
			defaultConfigurationIsVisible = 0;
			defaultConfigurationName = Release;
		};
		587FC4FD2AFA54AD00D6B976 /* Build configuration list for PBXNativeTarget "Music" */ = {
			isa = XCConfigurationList;
			buildConfigurations = (
				587FC4FE2AFA54AD00D6B976 /* Debug */,
				587FC4FF2AFA54AD00D6B976 /* Release */,
			);
			defaultConfigurationIsVisible = 0;
			defaultConfigurationName = Release;
		};
/* End XCConfigurationList section */

/* Begin XCRemoteSwiftPackageReference section */
		58563FE22AFE76F000ADECE1 /* XCRemoteSwiftPackageReference "Alamofire" */ = {
			isa = XCRemoteSwiftPackageReference;
			repositoryURL = "https://github.com/Alamofire/Alamofire.git";
			requirement = {
				kind = upToNextMajorVersion;
				minimumVersion = 5.8.1;
			};
		};
		58563FF32AFE9DDE00ADECE1 /* XCRemoteSwiftPackageReference "Kingfisher" */ = {
			isa = XCRemoteSwiftPackageReference;
			repositoryURL = "https://github.com/onevcat/Kingfisher.git";
			requirement = {
				kind = upToNextMajorVersion;
				minimumVersion = 7.10.0;
			};
		};
		83C234FD2B02745F00F3FF5F /* XCRemoteSwiftPackageReference "firebase-ios-sdk" */ = {
			isa = XCRemoteSwiftPackageReference;
			repositoryURL = "https://github.com/firebase/firebase-ios-sdk.git";
			requirement = {
				kind = upToNextMajorVersion;
				minimumVersion = 10.17.0;
			};
		};
		83C2351B2B02783900F3FF5F /* XCRemoteSwiftPackageReference "lottie-ios" */ = {
			isa = XCRemoteSwiftPackageReference;
			repositoryURL = "https://github.com/airbnb/lottie-ios.git";
			requirement = {
				kind = upToNextMajorVersion;
				minimumVersion = 4.3.3;
			};
		};
/* End XCRemoteSwiftPackageReference section */

/* Begin XCSwiftPackageProductDependency section */
		58563FE32AFE76F000ADECE1 /* Alamofire */ = {
			isa = XCSwiftPackageProductDependency;
			package = 58563FE22AFE76F000ADECE1 /* XCRemoteSwiftPackageReference "Alamofire" */;
			productName = Alamofire;
		};
		58563FF42AFE9DDE00ADECE1 /* Kingfisher */ = {
			isa = XCSwiftPackageProductDependency;
			package = 58563FF32AFE9DDE00ADECE1 /* XCRemoteSwiftPackageReference "Kingfisher" */;
			productName = Kingfisher;
		};
		83C235172B02769700F3FF5F /* FirebaseAuth */ = {
			isa = XCSwiftPackageProductDependency;
			package = 83C234FD2B02745F00F3FF5F /* XCRemoteSwiftPackageReference "firebase-ios-sdk" */;
			productName = FirebaseAuth;
		};
		83C235192B02769700F3FF5F /* FirebaseFirestore */ = {
			isa = XCSwiftPackageProductDependency;
			package = 83C234FD2B02745F00F3FF5F /* XCRemoteSwiftPackageReference "firebase-ios-sdk" */;
			productName = FirebaseFirestore;
		};
		83C2351C2B02783900F3FF5F /* Lottie */ = {
			isa = XCSwiftPackageProductDependency;
			package = 83C2351B2B02783900F3FF5F /* XCRemoteSwiftPackageReference "lottie-ios" */;
			productName = Lottie;
		};
		83EB85932B04F43E0070359B /* FirebaseStorage */ = {
			isa = XCSwiftPackageProductDependency;
			package = 83C234FD2B02745F00F3FF5F /* XCRemoteSwiftPackageReference "firebase-ios-sdk" */;
			productName = FirebaseStorage;
		};
/* End XCSwiftPackageProductDependency section */
	};
	rootObject = 587FC4E12AFA54AC00D6B976 /* Project object */;
}
